
Microsoft Visual Studio Solution File, Format Version 12.00
# Visual Studio Version 17
VisualStudioVersion = 17.10.35122.118
MinimumVisualStudioVersion = 10.0.40219.1
Project("{8BC9CEB8-8B4A-11D0-8D11-00A0C91BC942}") = "main", "main.vcxproj", "{F3918AF3-C60E-41C1-BB6C-A9E8EFACFAF6}"
EndProject
Project("{8BC9CEB8-8B4A-11D0-8D11-00A0C91BC942}") = "dllka", "..\dllka\dllka.vcxproj", "{C3177FD3-BBF4-4628-96C3-25DBD7B23CFA}"
EndProject
Global
	GlobalSection(SolutionConfigurationPlatforms) = preSolution
		Debug|x64 = Debug|x64
		Debug|x86 = Debug|x86
		Release|x64 = Release|x64
		Release|x86 = Release|x86
	EndGlobalSection
	GlobalSection(ProjectConfigurationPlatforms) = postSolution
		{F3918AF3-C60E-41C1-BB6C-A9E8EFACFAF6}.Debug|x64.ActiveCfg = Debug|x64
		{F3918AF3-C60E-41C1-BB6C-A9E8EFACFAF6}.Debug|x64.Build.0 = Debug|x64
		{F3918AF3-C60E-41C1-BB6C-A9E8EFACFAF6}.Debug|x86.ActiveCfg = Debug|Win32
		{F3918AF3-C60E-41C1-BB6C-A9E8EFACFAF6}.Debug|x86.Build.0 = Debug|Win32
		{F3918AF3-C60E-41C1-BB6C-A9E8EFACFAF6}.Release|x64.ActiveCfg = Release|x64
		{F3918AF3-C60E-41C1-BB6C-A9E8EFACFAF6}.Release|x64.Build.0 = Release|x64
		{F3918AF3-C60E-41C1-BB6C-A9E8EFACFAF6}.Release|x86.ActiveCfg = Release|Win32
		{F3918AF3-C60E-41C1-BB6C-A9E8EFACFAF6}.Release|x86.Build.0 = Release|Win32
		{C3177FD3-BBF4-4628-96C3-25DBD7B23CFA}.Debug|x64.ActiveCfg = Debug|x64
		{C3177FD3-BBF4-4628-96C3-25DBD7B23CFA}.Debug|x64.Build.0 = Debug|x64
		{C3177FD3-BBF4-4628-96C3-25DBD7B23CFA}.Debug|x86.ActiveCfg = Debug|Win32
		{C3177FD3-BBF4-4628-96C3-25DBD7B23CFA}.Debug|x86.Build.0 = Debug|Win32
		{C3177FD3-BBF4-4628-96C3-25DBD7B23CFA}.Release|x64.ActiveCfg = Release|x64
		{C3177FD3-BBF4-4628-96C3-25DBD7B23CFA}.Release|x64.Build.0 = Release|x64
		{C3177FD3-BBF4-4628-96C3-25DBD7B23CFA}.Release|x86.ActiveCfg = Release|Win32
		{C3177FD3-BBF4-4628-96C3-25DBD7B23CFA}.Release|x86.Build.0 = Release|Win32
	EndGlobalSection
	GlobalSection(SolutionProperties) = preSolution
		HideSolutionNode = FALSE
	EndGlobalSection
	GlobalSection(ExtensibilityGlobals) = postSolution
		SolutionGuid = {D598A8ED-8856-41A5-971D-2A13299EC243}
	EndGlobalSection
EndGlobal
